
Microsoft Visual Studio Solution File, Format Version 12.00
# Visual Studio 15
VisualStudioVersion = 15.0.26730.12
MinimumVisualStudioVersion = 10.0.40219.1
Project("{2150E333-8FDC-42A3-9474-1A3956D46DE8}") = "Services", "Services", "{B8EC6402-83D1-4D08-896A-DB1EF65D4054}"
EndProject
Project("{2150E333-8FDC-42A3-9474-1A3956D46DE8}") = "WebApp", "WebApp", "{C95B32EB-EEC5-4227-9605-D11D2A85BBE5}"
EndProject
Project("{FAE04EC0-301F-11D3-BF4B-00C04F79EFBC}") = "CI.WebApp", "CI.WebApp\CI.WebApp.csproj", "{0A23043F-FC5B-4971-8967-24C8D1A7CB45}"
EndProject
Project("{E53339B2-1760-4266-BCC7-CA923CBCF16C}") = "docker-compose", "docker-compose.dcproj", "{B7BC8B5C-3B68-4A96-9C98-B61667667FD6}"
EndProject
Global
	GlobalSection(SolutionConfigurationPlatforms) = preSolution
		Debug|Any CPU = Debug|Any CPU
		Release|Any CPU = Release|Any CPU
	EndGlobalSection
	GlobalSection(ProjectConfigurationPlatforms) = postSolution
		{0A23043F-FC5B-4971-8967-24C8D1A7CB45}.Debug|Any CPU.ActiveCfg = Debug|Any CPU
		{0A23043F-FC5B-4971-8967-24C8D1A7CB45}.Debug|Any CPU.Build.0 = Debug|Any CPU
		{0A23043F-FC5B-4971-8967-24C8D1A7CB45}.Release|Any CPU.ActiveCfg = Release|Any CPU
		{0A23043F-FC5B-4971-8967-24C8D1A7CB45}.Release|Any CPU.Build.0 = Release|Any CPU
		{B7BC8B5C-3B68-4A96-9C98-B61667667FD6}.Debug|Any CPU.ActiveCfg = Debug|Any CPU
		{B7BC8B5C-3B68-4A96-9C98-B61667667FD6}.Debug|Any CPU.Build.0 = Debug|Any CPU
		{B7BC8B5C-3B68-4A96-9C98-B61667667FD6}.Release|Any CPU.ActiveCfg = Release|Any CPU
		{B7BC8B5C-3B68-4A96-9C98-B61667667FD6}.Release|Any CPU.Build.0 = Release|Any CPU
	EndGlobalSection
	GlobalSection(SolutionProperties) = preSolution
		HideSolutionNode = FALSE
	EndGlobalSection
	GlobalSection(NestedProjects) = preSolution
		{0A23043F-FC5B-4971-8967-24C8D1A7CB45} = {C95B32EB-EEC5-4227-9605-D11D2A85BBE5}
	EndGlobalSection
	GlobalSection(ExtensibilityGlobals) = postSolution
		SolutionGuid = {F1BFF3BD-D338-4214-A349-AE15F9D68E2B}
	EndGlobalSection
EndGlobal
